
Microsoft Visual Studio Solution File, Format Version 12.00
Project("{FAE04EC0-301F-11D3-BF4B-00C04F79EFBC}") = "Ventorfy.Common", "Ventorfy.Common\Ventorfy.Common.csproj", "{A956753A-8C03-47FF-9CF6-387138501F93}"
EndProject
Project("{FAE04EC0-301F-11D3-BF4B-00C04F79EFBC}") = "Ventorfy.DataAccess", "Ventorfy.DataAccess\Ventorfy.DataAccess.csproj", "{48DC9566-768A-46CA-AB6F-E1A40BF7E0AB}"
EndProject
Project("{FAE04EC0-301F-11D3-BF4B-00C04F79EFBC}") = "Ventorfy.Cli", "Ventorfy.Cli\Ventorfy.Cli.csproj", "{85BBA736-E197-44A8-AA1F-F54A60CEB48C}"
EndProject
Project("{FAE04EC0-301F-11D3-BF4B-00C04F79EFBC}") = "Ventorfy.Tests", "Ventorfy.Tests\Ventorfy.Tests.csproj", "{31F2494B-ADBD-4147-9363-5E156917E40F}"
EndProject
Global
	GlobalSection(SolutionConfigurationPlatforms) = preSolution
		Debug|Any CPU = Debug|Any CPU
		Release|Any CPU = Release|Any CPU
	EndGlobalSection
	GlobalSection(ProjectConfigurationPlatforms) = postSolution
		{A956753A-8C03-47FF-9CF6-387138501F93}.Debug|Any CPU.ActiveCfg = Debug|Any CPU
		{A956753A-8C03-47FF-9CF6-387138501F93}.Debug|Any CPU.Build.0 = Debug|Any CPU
		{A956753A-8C03-47FF-9CF6-387138501F93}.Release|Any CPU.ActiveCfg = Release|Any CPU
		{A956753A-8C03-47FF-9CF6-387138501F93}.Release|Any CPU.Build.0 = Release|Any CPU
		{48DC9566-768A-46CA-AB6F-E1A40BF7E0AB}.Debug|Any CPU.ActiveCfg = Debug|Any CPU
		{48DC9566-768A-46CA-AB6F-E1A40BF7E0AB}.Debug|Any CPU.Build.0 = Debug|Any CPU
		{48DC9566-768A-46CA-AB6F-E1A40BF7E0AB}.Release|Any CPU.ActiveCfg = Release|Any CPU
		{48DC9566-768A-46CA-AB6F-E1A40BF7E0AB}.Release|Any CPU.Build.0 = Release|Any CPU
		{85BBA736-E197-44A8-AA1F-F54A60CEB48C}.Debug|Any CPU.ActiveCfg = Debug|Any CPU
		{85BBA736-E197-44A8-AA1F-F54A60CEB48C}.Debug|Any CPU.Build.0 = Debug|Any CPU
		{85BBA736-E197-44A8-AA1F-F54A60CEB48C}.Release|Any CPU.ActiveCfg = Release|Any CPU
		{85BBA736-E197-44A8-AA1F-F54A60CEB48C}.Release|Any CPU.Build.0 = Release|Any CPU
		{31F2494B-ADBD-4147-9363-5E156917E40F}.Debug|Any CPU.ActiveCfg = Debug|Any CPU
		{31F2494B-ADBD-4147-9363-5E156917E40F}.Debug|Any CPU.Build.0 = Debug|Any CPU
		{31F2494B-ADBD-4147-9363-5E156917E40F}.Release|Any CPU.ActiveCfg = Release|Any CPU
		{31F2494B-ADBD-4147-9363-5E156917E40F}.Release|Any CPU.Build.0 = Release|Any CPU
	EndGlobalSection
EndGlobal
