
Microsoft Visual Studio Solution File, Format Version 12.00
# Visual Studio 15
VisualStudioVersion = 15.0.28307.168
MinimumVisualStudioVersion = 10.0.40219.1
Project("{9A19103F-16F7-4668-BE54-9A1E7A4F7556}") = "Ventorfy.Common", "Ventorfy.Common\Ventorfy.Common.csproj", "{A956753A-8C03-47FF-9CF6-387138501F93}"
EndProject
Project("{9A19103F-16F7-4668-BE54-9A1E7A4F7556}") = "Ventorfy.DataAccess", "Ventorfy.DataAccess\Ventorfy.DataAccess.csproj", "{48DC9566-768A-46CA-AB6F-E1A40BF7E0AB}"
EndProject
Project("{9A19103F-16F7-4668-BE54-9A1E7A4F7556}") = "Ventorfy.Tests", "Ventorfy.Tests\Ventorfy.Tests.csproj", "{31F2494B-ADBD-4147-9363-5E156917E40F}"
EndProject
Project("{FAE04EC0-301F-11D3-BF4B-00C04F79EFBC}") = "Ventorfy.UserInterface", "Ventorfy.UserInterface\Ventorfy.UserInterface.csproj", "{63D78E21-EC3F-4AA5-9E22-3B3C9823538C}"
EndProject
Global
	GlobalSection(SolutionConfigurationPlatforms) = preSolution
		Debug|Any CPU = Debug|Any CPU
		Release|Any CPU = Release|Any CPU
	EndGlobalSection
	GlobalSection(ProjectConfigurationPlatforms) = postSolution
		{A956753A-8C03-47FF-9CF6-387138501F93}.Debug|Any CPU.ActiveCfg = Debug|Any CPU
		{A956753A-8C03-47FF-9CF6-387138501F93}.Debug|Any CPU.Build.0 = Debug|Any CPU
		{A956753A-8C03-47FF-9CF6-387138501F93}.Release|Any CPU.ActiveCfg = Release|Any CPU
		{A956753A-8C03-47FF-9CF6-387138501F93}.Release|Any CPU.Build.0 = Release|Any CPU
		{48DC9566-768A-46CA-AB6F-E1A40BF7E0AB}.Debug|Any CPU.ActiveCfg = Debug|Any CPU
		{48DC9566-768A-46CA-AB6F-E1A40BF7E0AB}.Debug|Any CPU.Build.0 = Debug|Any CPU
		{48DC9566-768A-46CA-AB6F-E1A40BF7E0AB}.Release|Any CPU.ActiveCfg = Release|Any CPU
		{48DC9566-768A-46CA-AB6F-E1A40BF7E0AB}.Release|Any CPU.Build.0 = Release|Any CPU
		{31F2494B-ADBD-4147-9363-5E156917E40F}.Debug|Any CPU.ActiveCfg = Debug|Any CPU
		{31F2494B-ADBD-4147-9363-5E156917E40F}.Debug|Any CPU.Build.0 = Debug|Any CPU
		{31F2494B-ADBD-4147-9363-5E156917E40F}.Release|Any CPU.ActiveCfg = Release|Any CPU
		{31F2494B-ADBD-4147-9363-5E156917E40F}.Release|Any CPU.Build.0 = Release|Any CPU
		{63D78E21-EC3F-4AA5-9E22-3B3C9823538C}.Debug|Any CPU.ActiveCfg = Debug|Any CPU
		{63D78E21-EC3F-4AA5-9E22-3B3C9823538C}.Debug|Any CPU.Build.0 = Debug|Any CPU
		{63D78E21-EC3F-4AA5-9E22-3B3C9823538C}.Release|Any CPU.ActiveCfg = Release|Any CPU
		{63D78E21-EC3F-4AA5-9E22-3B3C9823538C}.Release|Any CPU.Build.0 = Release|Any CPU
	EndGlobalSection
	GlobalSection(SolutionProperties) = preSolution
		HideSolutionNode = FALSE
	EndGlobalSection
	GlobalSection(ExtensibilityGlobals) = postSolution
		SolutionGuid = {7FB801F5-5C05-4F0B-A6BE-BDCA7B65FA75}
	EndGlobalSection
EndGlobal
