
Microsoft Visual Studio Solution File, Format Version 12.00
Project("{FAE04EC0-301F-11D3-BF4B-00C04F79EFBC}") = "Ventorfy.Model", "Ventorfy.Model\Ventorfy.Model.csproj", "{11E16F0E-89CE-4464-9904-16159E119E89}"
EndProject
Project("{FAE04EC0-301F-11D3-BF4B-00C04F79EFBC}") = "Ventorfy.Playground", "Ventorfy.TestPlayground\Ventorfy.TestPlayground.csproj", "{0F4AB59F-B4AC-4940-933A-2A3139DB2884}"
EndProject
Project("{FAE04EC0-301F-11D3-BF4B-00C04F79EFBC}") = "Ventorfy.Repository", "Ventorfy.Repository\Ventorfy.Repository.csproj", "{9D64B163-7060-40C3-9997-5D170DB69098}"
EndProject
Project("{FAE04EC0-301F-11D3-BF4B-00C04F79EFBC}") = "Ventorfy.Common", "Ventorfy.Common\Ventorfy.Common.csproj", "{A956753A-8C03-47FF-9CF6-387138501F93}"
EndProject
Global
	GlobalSection(SolutionConfigurationPlatforms) = preSolution
		Debug|Any CPU = Debug|Any CPU
		Release|Any CPU = Release|Any CPU
	EndGlobalSection
	GlobalSection(ProjectConfigurationPlatforms) = postSolution
		{11E16F0E-89CE-4464-9904-16159E119E89}.Debug|Any CPU.ActiveCfg = Debug|Any CPU
		{11E16F0E-89CE-4464-9904-16159E119E89}.Debug|Any CPU.Build.0 = Debug|Any CPU
		{11E16F0E-89CE-4464-9904-16159E119E89}.Release|Any CPU.ActiveCfg = Release|Any CPU
		{11E16F0E-89CE-4464-9904-16159E119E89}.Release|Any CPU.Build.0 = Release|Any CPU
		{0F4AB59F-B4AC-4940-933A-2A3139DB2884}.Debug|Any CPU.ActiveCfg = Debug|Any CPU
		{0F4AB59F-B4AC-4940-933A-2A3139DB2884}.Debug|Any CPU.Build.0 = Debug|Any CPU
		{0F4AB59F-B4AC-4940-933A-2A3139DB2884}.Release|Any CPU.ActiveCfg = Release|Any CPU
		{0F4AB59F-B4AC-4940-933A-2A3139DB2884}.Release|Any CPU.Build.0 = Release|Any CPU
		{9D64B163-7060-40C3-9997-5D170DB69098}.Debug|Any CPU.ActiveCfg = Debug|Any CPU
		{9D64B163-7060-40C3-9997-5D170DB69098}.Debug|Any CPU.Build.0 = Debug|Any CPU
		{9D64B163-7060-40C3-9997-5D170DB69098}.Release|Any CPU.ActiveCfg = Release|Any CPU
		{9D64B163-7060-40C3-9997-5D170DB69098}.Release|Any CPU.Build.0 = Release|Any CPU
		{A956753A-8C03-47FF-9CF6-387138501F93}.Debug|Any CPU.ActiveCfg = Debug|Any CPU
		{A956753A-8C03-47FF-9CF6-387138501F93}.Debug|Any CPU.Build.0 = Debug|Any CPU
		{A956753A-8C03-47FF-9CF6-387138501F93}.Release|Any CPU.ActiveCfg = Release|Any CPU
		{A956753A-8C03-47FF-9CF6-387138501F93}.Release|Any CPU.Build.0 = Release|Any CPU
	EndGlobalSection
EndGlobal
